
Microsoft Visual Studio Solution File, Format Version 12.00
# Visual Studio Version 18
VisualStudioVersion = 18.2.11415.280
MinimumVisualStudioVersion = 10.0.40219.1
Project("{FAE04EC0-301F-11D3-BF4B-00C04F79EFBC}") = "MajdataEdit", "MajdataEdit.csproj", "{83EE1671-5045-4416-9D8B-054F389A511F}"
EndProject
Project("{2150E333-8FDC-42A3-9474-1A3956D46DE8}") = "MajSimaiX", "MajSimaiX", "{EAC09DBF-89A3-F4E1-87F4-E6E1D7C44FB6}"
EndProject
Project("{FAE04EC0-301F-11D3-BF4B-00C04F79EFBC}") = "MajSimai", "MajSimaiX\MajSimai.csproj", "{54384EE5-5E8E-4F1F-9A03-BF26DAEBE3F8}"
EndProject
Global
	GlobalSection(SolutionConfigurationPlatforms) = preSolution
		Debug|Any CPU = Debug|Any CPU
		Debug|x64 = Debug|x64
		Debug|x86 = Debug|x86
		Release|Any CPU = Release|Any CPU
		Release|x64 = Release|x64
		Release|x86 = Release|x86
	EndGlobalSection
	GlobalSection(ProjectConfigurationPlatforms) = postSolution
		{83EE1671-5045-4416-9D8B-054F389A511F}.Debug|Any CPU.ActiveCfg = Debug|Any CPU
		{83EE1671-5045-4416-9D8B-054F389A511F}.Debug|Any CPU.Build.0 = Debug|Any CPU
		{83EE1671-5045-4416-9D8B-054F389A511F}.Debug|x64.ActiveCfg = Debug|Any CPU
		{83EE1671-5045-4416-9D8B-054F389A511F}.Debug|x64.Build.0 = Debug|Any CPU
		{83EE1671-5045-4416-9D8B-054F389A511F}.Debug|x86.ActiveCfg = Debug|Any CPU
		{83EE1671-5045-4416-9D8B-054F389A511F}.Debug|x86.Build.0 = Debug|Any CPU
		{83EE1671-5045-4416-9D8B-054F389A511F}.Release|Any CPU.ActiveCfg = Release|Any CPU
		{83EE1671-5045-4416-9D8B-054F389A511F}.Release|Any CPU.Build.0 = Release|Any CPU
		{83EE1671-5045-4416-9D8B-054F389A511F}.Release|x64.ActiveCfg = Release|Any CPU
		{83EE1671-5045-4416-9D8B-054F389A511F}.Release|x64.Build.0 = Release|Any CPU
		{83EE1671-5045-4416-9D8B-054F389A511F}.Release|x86.ActiveCfg = Release|Any CPU
		{83EE1671-5045-4416-9D8B-054F389A511F}.Release|x86.Build.0 = Release|Any CPU
		{54384EE5-5E8E-4F1F-9A03-BF26DAEBE3F8}.Debug|Any CPU.ActiveCfg = Debug|Any CPU
		{54384EE5-5E8E-4F1F-9A03-BF26DAEBE3F8}.Debug|Any CPU.Build.0 = Debug|Any CPU
		{54384EE5-5E8E-4F1F-9A03-BF26DAEBE3F8}.Debug|x64.ActiveCfg = Debug|Any CPU
		{54384EE5-5E8E-4F1F-9A03-BF26DAEBE3F8}.Debug|x64.Build.0 = Debug|Any CPU
		{54384EE5-5E8E-4F1F-9A03-BF26DAEBE3F8}.Debug|x86.ActiveCfg = Debug|Any CPU
		{54384EE5-5E8E-4F1F-9A03-BF26DAEBE3F8}.Debug|x86.Build.0 = Debug|Any CPU
		{54384EE5-5E8E-4F1F-9A03-BF26DAEBE3F8}.Release|Any CPU.ActiveCfg = Release|Any CPU
		{54384EE5-5E8E-4F1F-9A03-BF26DAEBE3F8}.Release|Any CPU.Build.0 = Release|Any CPU
		{54384EE5-5E8E-4F1F-9A03-BF26DAEBE3F8}.Release|x64.ActiveCfg = Release|Any CPU
		{54384EE5-5E8E-4F1F-9A03-BF26DAEBE3F8}.Release|x64.Build.0 = Release|Any CPU
		{54384EE5-5E8E-4F1F-9A03-BF26DAEBE3F8}.Release|x86.ActiveCfg = Release|Any CPU
		{54384EE5-5E8E-4F1F-9A03-BF26DAEBE3F8}.Release|x86.Build.0 = Release|Any CPU
	EndGlobalSection
	GlobalSection(SolutionProperties) = preSolution
		HideSolutionNode = FALSE
	EndGlobalSection
	GlobalSection(NestedProjects) = preSolution
		{54384EE5-5E8E-4F1F-9A03-BF26DAEBE3F8} = {EAC09DBF-89A3-F4E1-87F4-E6E1D7C44FB6}
	EndGlobalSection
	GlobalSection(ExtensibilityGlobals) = postSolution
		SolutionGuid = {8DFDC425-4B58-40AD-B262-BD69B3321253}
	EndGlobalSection
EndGlobal
